
Microsoft Visual Studio Solution File, Format Version 12.00
# Visual Studio 15
VisualStudioVersion = 15.0.28010.2026
MinimumVisualStudioVersion = 10.0.40219.1
Project("{9A19103F-16F7-4668-BE54-9A1E7A4F7556}") = "spaApp", "spaApp\spaApp.csproj", "{1B661D45-AB7C-4CB7-BFB9-CBDFD85C2DE4}"
EndProject
Project("{FAE04EC0-301F-11D3-BF4B-00C04F79EFBC}") = "Appointment.Tests", "Provider.Tests\Appointment.Tests.csproj", "{7070FC87-1FE2-41CF-9289-B7F925A0828B}"
EndProject
Global
	GlobalSection(SolutionConfigurationPlatforms) = preSolution
		Debug|Any CPU = Debug|Any CPU
		Release|Any CPU = Release|Any CPU
	EndGlobalSection
	GlobalSection(ProjectConfigurationPlatforms) = postSolution
		{1B661D45-AB7C-4CB7-BFB9-CBDFD85C2DE4}.Debug|Any CPU.ActiveCfg = Debug|Any CPU
		{1B661D45-AB7C-4CB7-BFB9-CBDFD85C2DE4}.Debug|Any CPU.Build.0 = Debug|Any CPU
		{1B661D45-AB7C-4CB7-BFB9-CBDFD85C2DE4}.Release|Any CPU.ActiveCfg = Release|Any CPU
		{1B661D45-AB7C-4CB7-BFB9-CBDFD85C2DE4}.Release|Any CPU.Build.0 = Release|Any CPU
		{7070FC87-1FE2-41CF-9289-B7F925A0828B}.Debug|Any CPU.ActiveCfg = Debug|Any CPU
		{7070FC87-1FE2-41CF-9289-B7F925A0828B}.Debug|Any CPU.Build.0 = Debug|Any CPU
		{7070FC87-1FE2-41CF-9289-B7F925A0828B}.Release|Any CPU.ActiveCfg = Release|Any CPU
		{7070FC87-1FE2-41CF-9289-B7F925A0828B}.Release|Any CPU.Build.0 = Release|Any CPU
	EndGlobalSection
	GlobalSection(SolutionProperties) = preSolution
		HideSolutionNode = FALSE
	EndGlobalSection
	GlobalSection(ExtensibilityGlobals) = postSolution
		SolutionGuid = {E50BAA51-5342-47ED-9ADC-BD79891B1A54}
	EndGlobalSection
EndGlobal
